Microsoft Visual Studio Solution File, Format Version 12.00
# Visual Studio Version 17
VisualStudioVersion = 17.5.2.0
MinimumVisualStudioVersion = 10.0.40219.1
Project("{FAE04EC0-301F-11D3-BF4B-00C04F79EFBC}") = "Blazor-Prueba", "Blazor-Prueba.csproj", "{1F14670B-91FF-3323-87FB-565079463B1A}"
EndProject
Global
	GlobalSection(SolutionConfigurationPlatforms) = preSolution
		Debug|Any CPU = Debug|Any CPU
		Release|Any CPU = Release|Any CPU
	EndGlobalSection
	GlobalSection(ProjectConfigurationPlatforms) = postSolution
		{1F14670B-91FF-3323-87FB-565079463B1A}.Debug|Any CPU.ActiveCfg = Debug|Any CPU
		{1F14670B-91FF-3323-87FB-565079463B1A}.Debug|Any CPU.Build.0 = Debug|Any CPU
		{1F14670B-91FF-3323-87FB-565079463B1A}.Release|Any CPU.ActiveCfg = Release|Any CPU
		{1F14670B-91FF-3323-87FB-565079463B1A}.Release|Any CPU.Build.0 = Release|Any CPU
	EndGlobalSection
	GlobalSection(SolutionProperties) = preSolution
		HideSolutionNode = FALSE
	EndGlobalSection
	GlobalSection(ExtensibilityGlobals) = postSolution
		SolutionGuid = {C6F27FBB-C4B2-4E0E-8651-F2D935231ABF}
	EndGlobalSection
EndGlobal
